// !$*UTF8*$!
{
	archiveVersion = 1;
	classes = {
	};
	objectVersion = 46;
	objects = {

/* Begin PBXBuildFile section */
		9F1B372816D977F3006A55A1 /* GameResults.m in Sources */ = {isa = PBXBuildFile; fileRef = 9F1B372716D977F3006A55A1 /* GameResults.m */; };
		9F256A6516D6B10100600E27 /* UIKit.framework in Frameworks */ = {isa = PBXBuildFile; fileRef = 9F256A6416D6B10100600E27 /* UIKit.framework */; };
		9F256A6716D6B10100600E27 /* Foundation.framework in Frameworks */ = {isa = PBXBuildFile; fileRef = 9F256A6616D6B10100600E27 /* Foundation.framework */; };
		9F256A6916D6B10100600E27 /* CoreGraphics.framework in Frameworks */ = {isa = PBXBuildFile; fileRef = 9F256A6816D6B10100600E27 /* CoreGraphics.framework */; };
		9F256A6F16D6B10100600E27 /* InfoPlist.strings in Resources */ = {isa = PBXBuildFile; fileRef = 9F256A6D16D6B10100600E27 /* InfoPlist.strings */; };
		9F256A7116D6B10100600E27 /* main.m in Sources */ = {isa = PBXBuildFile; fileRef = 9F256A7016D6B10100600E27 /* main.m */; };
		9F256A7516D6B10100600E27 /* AppDelegate.m in Sources */ = {isa = PBXBuildFile; fileRef = 9F256A7416D6B10100600E27 /* AppDelegate.m */; };
		9F256A7716D6B10100600E27 /* Default.png in Resources */ = {isa = PBXBuildFile; fileRef = 9F256A7616D6B10100600E27 /* Default.png */; };
		9F256A7916D6B10100600E27 /* Default@2x.png in Resources */ = {isa = PBXBuildFile; fileRef = 9F256A7816D6B10100600E27 /* Default@2x.png */; };
		9F256A7B16D6B10100600E27 /* Default-568h@2x.png in Resources */ = {isa = PBXBuildFile; fileRef = 9F256A7A16D6B10100600E27 /* Default-568h@2x.png */; };
		9F256A8916D6B10100600E27 /* SenTestingKit.framework in Frameworks */ = {isa = PBXBuildFile; fileRef = 9F256A8816D6B10100600E27 /* SenTestingKit.framework */; };
		9F256A8A16D6B10100600E27 /* UIKit.framework in Frameworks */ = {isa = PBXBuildFile; fileRef = 9F256A6416D6B10100600E27 /* UIKit.framework */; };
		9F256A8B16D6B10100600E27 /* Foundation.framework in Frameworks */ = {isa = PBXBuildFile; fileRef = 9F256A6616D6B10100600E27 /* Foundation.framework */; };
		9F256A9316D6B10100600E27 /* InfoPlist.strings in Resources */ = {isa = PBXBuildFile; fileRef = 9F256A9116D6B10100600E27 /* InfoPlist.strings */; };
		9F256A9616D6B10100600E27 /* carder4Tests.m in Sources */ = {isa = PBXBuildFile; fileRef = 9F256A9516D6B10100600E27 /* carder4Tests.m */; };
		9F256AA616D6B22E00600E27 /* carderAppDelegate.m in Sources */ = {isa = PBXBuildFile; fileRef = 9F256AA016D6B22E00600E27 /* carderAppDelegate.m */; };
		9F256AA716D6B22E00600E27 /* carderAppDelegate.m in Sources */ = {isa = PBXBuildFile; fileRef = 9F256AA016D6B22E00600E27 /* carderAppDelegate.m */; };
		9F256AA816D6B22E00600E27 /* MainStoryboard.storyboard in Resources */ = {isa = PBXBuildFile; fileRef = 9F256AA116D6B22E00600E27 /* MainStoryboard.storyboard */; };
		9F256AA916D6B22E00600E27 /* MainStoryboard.storyboard in Resources */ = {isa = PBXBuildFile; fileRef = 9F256AA116D6B22E00600E27 /* MainStoryboard.storyboard */; };
		9F256AAA16D6B22E00600E27 /* CardGameViewController.m in Sources */ = {isa = PBXBuildFile; fileRef = 9F256AA316D6B22E00600E27 /* CardGameViewController.m */; };
		9F256AAB16D6B22E00600E27 /* CardGameViewController.m in Sources */ = {isa = PBXBuildFile; fileRef = 9F256AA316D6B22E00600E27 /* CardGameViewController.m */; };
		9F256AAC16D6B22E00600E27 /* SetCardGameViewController.m in Sources */ = {isa = PBXBuildFile; fileRef = 9F256AA516D6B22E00600E27 /* SetCardGameViewController.m */; };
		9F256AAD16D6B22E00600E27 /* SetCardGameViewController.m in Sources */ = {isa = PBXBuildFile; fileRef = 9F256AA516D6B22E00600E27 /* SetCardGameViewController.m */; };
		9F256ABF16D6B26200600E27 /* CardMatchingGame.m in Sources */ = {isa = PBXBuildFile; fileRef = 9F256AB016D6B26200600E27 /* CardMatchingGame.m */; };
		9F256AC016D6B26200600E27 /* CardMatchingGame.m in Sources */ = {isa = PBXBuildFile; fileRef = 9F256AB016D6B26200600E27 /* CardMatchingGame.m */; };
		9F256AC116D6B26200600E27 /* SetCardGame.m in Sources */ = {isa = PBXBuildFile; fileRef = 9F256AB216D6B26200600E27 /* SetCardGame.m */; };
		9F256AC216D6B26200600E27 /* SetCardGame.m in Sources */ = {isa = PBXBuildFile; fileRef = 9F256AB216D6B26200600E27 /* SetCardGame.m */; };
		9F256AC316D6B26200600E27 /* Card.m in Sources */ = {isa = PBXBuildFile; fileRef = 9F256AB416D6B26200600E27 /* Card.m */; };
		9F256AC416D6B26200600E27 /* Card.m in Sources */ = {isa = PBXBuildFile; fileRef = 9F256AB416D6B26200600E27 /* Card.m */; };
		9F256AC516D6B26200600E27 /* PlayingCard.m in Sources */ = {isa = PBXBuildFile; fileRef = 9F256AB616D6B26200600E27 /* PlayingCard.m */; };
		9F256AC616D6B26200600E27 /* PlayingCard.m in Sources */ = {isa = PBXBuildFile; fileRef = 9F256AB616D6B26200600E27 /* PlayingCard.m */; };
		9F256AC716D6B26200600E27 /* SetPlayingCard.m in Sources */ = {isa = PBXBuildFile; fileRef = 9F256AB816D6B26200600E27 /* SetPlayingCard.m */; };
		9F256AC816D6B26200600E27 /* SetPlayingCard.m in Sources */ = {isa = PBXBuildFile; fileRef = 9F256AB816D6B26200600E27 /* SetPlayingCard.m */; };
		9F256AC916D6B26200600E27 /* Deck.m in Sources */ = {isa = PBXBuildFile; fileRef = 9F256ABA16D6B26200600E27 /* Deck.m */; };
		9F256ACA16D6B26200600E27 /* Deck.m in Sources */ = {isa = PBXBuildFile; fileRef = 9F256ABA16D6B26200600E27 /* Deck.m */; };
		9F256ACB16D6B26200600E27 /* PlayingCardDeck.m in Sources */ = {isa = PBXBuildFile; fileRef = 9F256ABC16D6B26200600E27 /* PlayingCardDeck.m */; };
		9F256ACC16D6B26200600E27 /* PlayingCardDeck.m in Sources */ = {isa = PBXBuildFile; fileRef = 9F256ABC16D6B26200600E27 /* PlayingCardDeck.m */; };
		9F256ACD16D6B26200600E27 /* SetCardGameDeck.m in Sources */ = {isa = PBXBuildFile; fileRef = 9F256ABE16D6B26200600E27 /* SetCardGameDeck.m */; };
		9F256ACE16D6B26200600E27 /* SetCardGameDeck.m in Sources */ = {isa = PBXBuildFile; fileRef = 9F256ABE16D6B26200600E27 /* SetCardGameDeck.m */; };
		9F256AD216D6B27900600E27 /* setgameicon.png in Resources */ = {isa = PBXBuildFile; fileRef = 9F256ACF16D6B27900600E27 /* setgameicon.png */; };
		9F256AD316D6B27900600E27 /* setgameicon.png in Resources */ = {isa = PBXBuildFile; fileRef = 9F256ACF16D6B27900600E27 /* setgameicon.png */; };
		9F256AD416D6B27900600E27 /* cardgameicon.png in Resources */ = {isa = PBXBuildFile; fileRef = 9F256AD016D6B27900600E27 /* cardgameicon.png */; };
		9F256AD516D6B27900600E27 /* cardgameicon.png in Resources */ = {isa = PBXBuildFile; fileRef = 9F256AD016D6B27900600E27 /* cardgameicon.png */; };
		9F256AD616D6B27900600E27 /* cardback.png in Resources */ = {isa = PBXBuildFile; fileRef = 9F256AD116D6B27900600E27 /* cardback.png */; };
		9F256AD716D6B27900600E27 /* cardback.png in Resources */ = {isa = PBXBuildFile; fileRef = 9F256AD116D6B27900600E27 /* cardback.png */; };
		B2A5B0C116E3D3FB00E0F571 /* GameResultsViewController.m in Sources */ = {isa = PBXBuildFile; fileRef = B2A5B0C016E3D3FB00E0F571 /* GameResultsViewController.m */; };
/* End PBXBuildFile section */

/* Begin PBXContainerItemProxy section */
		9F256A8C16D6B10100600E27 /* PBXContainerItemProxy */ = {
			isa = PBXContainerItemProxy;
			containerPortal = 9F256A5916D6B10100600E27 /* Project object */;
			proxyType = 1;
			remoteGlobalIDString = 9F256A6016D6B10100600E27;
			remoteInfo = carder4;
		};
/* End PBXContainerItemProxy section */

/* Begin PBXFileReference section */
		9F1B372616D977F3006A55A1 /* GameResults.h */ = {isa = PBXFileReference; fileEncoding = 4; lastKnownFileType = sourcecode.c.h; path = GameResults.h; sourceTree = "<group>"; };
		9F1B372716D977F3006A55A1 /* GameResults.m */ = {isa = PBXFileReference; fileEncoding = 4; lastKnownFileType = sourcecode.c.objc; path = GameResults.m; sourceTree = "<group>"; };
		9F256A6116D6B10100600E27 /* carder4.app */ = {isa = PBXFileReference; explicitFileType = wrapper.application; includeInIndex = 0; path = carder4.app; sourceTree = BUILT_PRODUCTS_DIR; };
		9F256A6416D6B10100600E27 /* UIKit.framework */ = {isa = PBXFileReference; lastKnownFileType = wrapper.framework; name = UIKit.framework; path = System/Library/Frameworks/UIKit.framework; sourceTree = SDKROOT; };
		9F256A6616D6B10100600E27 /* Foundation.framework */ = {isa = PBXFileReference; lastKnownFileType = wrapper.framework; name = Foundation.framework; path = System/Library/Frameworks/Foundation.framework; sourceTree = SDKROOT; };
		9F256A6816D6B10100600E27 /* CoreGraphics.framework */ = {isa = PBXFileReference; lastKnownFileType = wrapper.framework; name = CoreGraphics.framework; path = System/Library/Frameworks/CoreGraphics.framework; sourceTree = SDKROOT; };
		9F256A6C16D6B10100600E27 /* carder4-Info.plist */ = {isa = PBXFileReference; lastKnownFileType = text.plist.xml; path = "carder4-Info.plist"; sourceTree = "<group>"; };
		9F256A6E16D6B10100600E27 /* en */ = {isa = PBXFileReference; lastKnownFileType = text.plist.strings; name = en; path = en.lproj/InfoPlist.strings; sourceTree = "<group>"; };
		9F256A7016D6B10100600E27 /* main.m */ = {isa = PBXFileReference; lastKnownFileType = sourcecode.c.objc; path = main.m; sourceTree = "<group>"; };
		9F256A7216D6B10100600E27 /* carder4-Prefix.pch */ = {isa = PBXFileReference; lastKnownFileType = sourcecode.c.h; path = "carder4-Prefix.pch"; sourceTree = "<group>"; };
		9F256A7316D6B10100600E27 /* AppDelegate.h */ = {isa = PBXFileReference; lastKnownFileType = sourcecode.c.h; path = AppDelegate.h; sourceTree = "<group>"; };
		9F256A7416D6B10100600E27 /* AppDelegate.m */ = {isa = PBXFileReference; lastKnownFileType = sourcecode.c.objc; path = AppDelegate.m; sourceTree = "<group>"; };
		9F256A7616D6B10100600E27 /* Default.png */ = {isa = PBXFileReference; lastKnownFileType = image.png; path = Default.png; sourceTree = "<group>"; };
		9F256A7816D6B10100600E27 /* Default@2x.png */ = {isa = PBXFileReference; lastKnownFileType = image.png; path = "Default@2x.png"; sourceTree = "<group>"; };
		9F256A7A16D6B10100600E27 /* Default-568h@2x.png */ = {isa = PBXFileReference; lastKnownFileType = image.png; path = "Default-568h@2x.png"; sourceTree = "<group>"; };
		9F256A8716D6B10100600E27 /* carder4Tests.octest */ = {isa = PBXFileReference; explicitFileType = wrapper.cfbundle; includeInIndex = 0; path = carder4Tests.octest; sourceTree = BUILT_PRODUCTS_DIR; };
		9F256A8816D6B10100600E27 /* SenTestingKit.framework */ = {isa = PBXFileReference; lastKnownFileType = wrapper.framework; name = SenTestingKit.framework; path = Library/Frameworks/SenTestingKit.framework; sourceTree = DEVELOPER_DIR; };
		9F256A9016D6B10100600E27 /* carder4Tests-Info.plist */ = {isa = PBXFileReference; lastKnownFileType = text.plist.xml; path = "carder4Tests-Info.plist"; sourceTree = "<group>"; };
		9F256A9216D6B10100600E27 /* en */ = {isa = PBXFileReference; lastKnownFileType = text.plist.strings; name = en; path = en.lproj/InfoPlist.strings; sourceTree = "<group>"; };
		9F256A9416D6B10100600E27 /* carder4Tests.h */ = {isa = PBXFileReference; lastKnownFileType = sourcecode.c.h; path = carder4Tests.h; sourceTree = "<group>"; };
		9F256A9516D6B10100600E27 /* carder4Tests.m */ = {isa = PBXFileReference; lastKnownFileType = sourcecode.c.objc; path = carder4Tests.m; sourceTree = "<group>"; };
		9F256A9F16D6B22E00600E27 /* carderAppDelegate.h */ = {isa = PBXFileReference; explicitFileType = sourcecode.c.objc; fileEncoding = 4; path = carderAppDelegate.h; sourceTree = "<group>"; };
		9F256AA016D6B22E00600E27 /* carderAppDelegate.m */ = {isa = PBXFileReference; explicitFileType = sourcecode.c.objc; fileEncoding = 4; path = carderAppDelegate.m; sourceTree = "<group>"; };
		9F256AA116D6B22E00600E27 /* MainStoryboard.storyboard */ = {isa = PBXFileReference; fileEncoding = 4; lastKnownFileType = file.storyboard; path = MainStoryboard.storyboard; sourceTree = "<group>"; };
		9F256AA216D6B22E00600E27 /* CardGameViewController.h */ = {isa = PBXFileReference; explicitFileType = sourcecode.c.objc; fileEncoding = 4; path = CardGameViewController.h; sourceTree = "<group>"; };
		9F256AA316D6B22E00600E27 /* CardGameViewController.m */ = {isa = PBXFileReference; explicitFileType = sourcecode.c.objc; fileEncoding = 4; path = CardGameViewController.m; sourceTree = "<group>"; };
		9F256AA416D6B22E00600E27 /* SetCardGameViewController.h */ = {isa = PBXFileReference; explicitFileType = sourcecode.c.objc; fileEncoding = 4; path = SetCardGameViewController.h; sourceTree = "<group>"; };
		9F256AA516D6B22E00600E27 /* SetCardGameViewController.m */ = {isa = PBXFileReference; explicitFileType = sourcecode.c.objc; fileEncoding = 4; path = SetCardGameViewController.m; sourceTree = "<group>"; };
		9F256AAF16D6B26200600E27 /* CardMatchingGame.h */ = {isa = PBXFileReference; explicitFileType = sourcecode.c.objc; fileEncoding = 4; path = CardMatchingGame.h; sourceTree = "<group>"; };
		9F256AB016D6B26200600E27 /* CardMatchingGame.m */ = {isa = PBXFileReference; explicitFileType = sourcecode.c.objc; fileEncoding = 4; path = CardMatchingGame.m; sourceTree = "<group>"; };
		9F256AB116D6B26200600E27 /* SetCardGame.h */ = {isa = PBXFileReference; explicitFileType = sourcecode.c.objc; fileEncoding = 4; path = SetCardGame.h; sourceTree = "<group>"; };
		9F256AB216D6B26200600E27 /* SetCardGame.m */ = {isa = PBXFileReference; explicitFileType = sourcecode.c.objc; fileEncoding = 4; path = SetCardGame.m; sourceTree = "<group>"; };
		9F256AB316D6B26200600E27 /* Card.h */ = {isa = PBXFileReference; explicitFileType = sourcecode.c.objc; fileEncoding = 4; path = Card.h; sourceTree = "<group>"; };
		9F256AB416D6B26200600E27 /* Card.m */ = {isa = PBXFileReference; explicitFileType = sourcecode.c.objc; fileEncoding = 4; path = Card.m; sourceTree = "<group>"; };
		9F256AB516D6B26200600E27 /* PlayingCard.h */ = {isa = PBXFileReference; explicitFileType = sourcecode.c.objc; fileEncoding = 4; path = PlayingCard.h; sourceTree = "<group>"; };
		9F256AB616D6B26200600E27 /* PlayingCard.m */ = {isa = PBXFileReference; explicitFileType = sourcecode.c.objc; fileEncoding = 4; path = PlayingCard.m; sourceTree = "<group>"; };
		9F256AB716D6B26200600E27 /* SetPlayingCard.h */ = {isa = PBXFileReference; explicitFileType = sourcecode.c.objc; fileEncoding = 4; path = SetPlayingCard.h; sourceTree = "<group>"; };
		9F256AB816D6B26200600E27 /* SetPlayingCard.m */ = {isa = PBXFileReference; explicitFileType = sourcecode.c.objc; fileEncoding = 4; path = SetPlayingCard.m; sourceTree = "<group>"; };
		9F256AB916D6B26200600E27 /* Deck.h */ = {isa = PBXFileReference; explicitFileType = sourcecode.c.objc; fileEncoding = 4; path = Deck.h; sourceTree = "<group>"; };
		9F256ABA16D6B26200600E27 /* Deck.m */ = {isa = PBXFileReference; explicitFileType = sourcecode.c.objc; fileEncoding = 4; path = Deck.m; sourceTree = "<group>"; };
		9F256ABB16D6B26200600E27 /* PlayingCardDeck.h */ = {isa = PBXFileReference; explicitFileType = sourcecode.c.objc; fileEncoding = 4; path = PlayingCardDeck.h; sourceTree = "<group>"; };
		9F256ABC16D6B26200600E27 /* PlayingCardDeck.m */ = {isa = PBXFileReference; explicitFileType = sourcecode.c.objc; fileEncoding = 4; path = PlayingCardDeck.m; sourceTree = "<group>"; };
		9F256ABD16D6B26200600E27 /* SetCardGameDeck.h */ = {isa = PBXFileReference; explicitFileType = sourcecode.c.objc; fileEncoding = 4; path = SetCardGameDeck.h; sourceTree = "<group>"; };
		9F256ABE16D6B26200600E27 /* SetCardGameDeck.m */ = {isa = PBXFileReference; explicitFileType = sourcecode.c.objc; fileEncoding = 4; path = SetCardGameDeck.m; sourceTree = "<group>"; };
		9F256ACF16D6B27900600E27 /* setgameicon.png */ = {isa = PBXFileReference; lastKnownFileType = image.png; path = setgameicon.png; sourceTree = "<group>"; };
		9F256AD016D6B27900600E27 /* cardgameicon.png */ = {isa = PBXFileReference; lastKnownFileType = image.png; path = cardgameicon.png; sourceTree = "<group>"; };
		9F256AD116D6B27900600E27 /* cardback.png */ = {isa = PBXFileReference; lastKnownFileType = image.png; path = cardback.png; sourceTree = "<group>"; };
		B2A5B0BF16E3D3FB00E0F571 /* GameResultsViewController.h */ = {isa = PBXFileReference; explicitFileType = sourcecode.c.objc; fileEncoding = 4; path = GameResultsViewController.h; sourceTree = "<group>"; };
		B2A5B0C016E3D3FB00E0F571 /* GameResultsViewController.m */ = {isa = PBXFileReference; fileEncoding = 4; lastKnownFileType = sourcecode.c.objc; path = GameResultsViewController.m; sourceTree = "<group>"; };
/* End PBXFileReference section */

/* Begin PBXFrameworksBuildPhase section */
		9F256A5E16D6B10100600E27 /* Frameworks */ = {
			isa = PBXFrameworksBuildPhase;
			buildActionMask = 2147483647;
			files = (
				9F256A6516D6B10100600E27 /* UIKit.framework in Frameworks */,
				9F256A6716D6B10100600E27 /* Foundation.framework in Frameworks */,
				9F256A6916D6B10100600E27 /* CoreGraphics.framework in Frameworks */,
			);
			runOnlyForDeploymentPostprocessing = 0;
		};
		9F256A8316D6B10100600E27 /* Frameworks */ = {
			isa = PBXFrameworksBuildPhase;
			buildActionMask = 2147483647;
			files = (
				9F256A8916D6B10100600E27 /* SenTestingKit.framework in Frameworks */,
				9F256A8A16D6B10100600E27 /* UIKit.framework in Frameworks */,
				9F256A8B16D6B10100600E27 /* Foundation.framework in Frameworks */,
			);
			runOnlyForDeploymentPostprocessing = 0;
		};
/* End PBXFrameworksBuildPhase section */

/* Begin PBXGroup section */
		9F256A5816D6B10100600E27 = {
			isa = PBXGroup;
			children = (
				9F256A6A16D6B10100600E27 /* carder4 */,
				9F256A8E16D6B10100600E27 /* carder4Tests */,
				9F256A6316D6B10100600E27 /* Frameworks */,
				9F256A6216D6B10100600E27 /* Products */,
			);
			sourceTree = "<group>";
		};
		9F256A6216D6B10100600E27 /* Products */ = {
			isa = PBXGroup;
			children = (
				9F256A6116D6B10100600E27 /* carder4.app */,
				9F256A8716D6B10100600E27 /* carder4Tests.octest */,
			);
			name = Products;
			sourceTree = "<group>";
		};
		9F256A6316D6B10100600E27 /* Frameworks */ = {
			isa = PBXGroup;
			children = (
				9F256A6416D6B10100600E27 /* UIKit.framework */,
				9F256A6616D6B10100600E27 /* Foundation.framework */,
				9F256A6816D6B10100600E27 /* CoreGraphics.framework */,
				9F256A8816D6B10100600E27 /* SenTestingKit.framework */,
			);
			name = Frameworks;
			sourceTree = "<group>";
		};
		9F256A6A16D6B10100600E27 /* carder4 */ = {
			isa = PBXGroup;
			children = (
				9F256AAE16D6B25100600E27 /* Model */,
				9F256AA116D6B22E00600E27 /* MainStoryboard.storyboard */,
				9F256A9F16D6B22E00600E27 /* carderAppDelegate.h */,
				9F256AA016D6B22E00600E27 /* carderAppDelegate.m */,
				9F256AA216D6B22E00600E27 /* CardGameViewController.h */,
				9F256AA316D6B22E00600E27 /* CardGameViewController.m */,
				9F256AA416D6B22E00600E27 /* SetCardGameViewController.h */,
				9F256AA516D6B22E00600E27 /* SetCardGameViewController.m */,
				B2A5B0BF16E3D3FB00E0F571 /* GameResultsViewController.h */,
				B2A5B0C016E3D3FB00E0F571 /* GameResultsViewController.m */,
				9F256A7316D6B10100600E27 /* AppDelegate.h */,
				9F256A7416D6B10100600E27 /* AppDelegate.m */,
				9F256A6B16D6B10100600E27 /* Supporting Files */,
			);
			path = carder4;
			sourceTree = "<group>";
		};
		9F256A6B16D6B10100600E27 /* Supporting Files */ = {
			isa = PBXGroup;
			children = (
				9F256ACF16D6B27900600E27 /* setgameicon.png */,
				9F256AD016D6B27900600E27 /* cardgameicon.png */,
				9F256AD116D6B27900600E27 /* cardback.png */,
				9F256A6C16D6B10100600E27 /* carder4-Info.plist */,
				9F256A6D16D6B10100600E27 /* InfoPlist.strings */,
				9F256A7016D6B10100600E27 /* main.m */,
				9F256A7216D6B10100600E27 /* carder4-Prefix.pch */,
				9F256A7616D6B10100600E27 /* Default.png */,
				9F256A7816D6B10100600E27 /* Default@2x.png */,
				9F256A7A16D6B10100600E27 /* Default-568h@2x.png */,
			);
			name = "Supporting Files";
			sourceTree = "<group>";
		};
		9F256A8E16D6B10100600E27 /* carder4Tests */ = {
			isa = PBXGroup;
			children = (
				9F256A9416D6B10100600E27 /* carder4Tests.h */,
				9F256A9516D6B10100600E27 /* carder4Tests.m */,
				9F256A8F16D6B10100600E27 /* Supporting Files */,
			);
			path = carder4Tests;
			sourceTree = "<group>";
		};
		9F256A8F16D6B10100600E27 /* Supporting Files */ = {
			isa = PBXGroup;
			children = (
				9F256A9016D6B10100600E27 /* carder4Tests-Info.plist */,
				9F256A9116D6B10100600E27 /* InfoPlist.strings */,
			);
			name = "Supporting Files";
			sourceTree = "<group>";
		};
		9F256AAE16D6B25100600E27 /* Model */ = {
			isa = PBXGroup;
			children = (
				9F256AAF16D6B26200600E27 /* CardMatchingGame.h */,
				9F256AB016D6B26200600E27 /* CardMatchingGame.m */,
				9F256AB116D6B26200600E27 /* SetCardGame.h */,
				9F256AB216D6B26200600E27 /* SetCardGame.m */,
				9F256AB316D6B26200600E27 /* Card.h */,
				9F256AB416D6B26200600E27 /* Card.m */,
				9F256AB516D6B26200600E27 /* PlayingCard.h */,
				9F256AB616D6B26200600E27 /* PlayingCard.m */,
				9F256AB716D6B26200600E27 /* SetPlayingCard.h */,
				9F256AB816D6B26200600E27 /* SetPlayingCard.m */,
				9F256AB916D6B26200600E27 /* Deck.h */,
				9F256ABA16D6B26200600E27 /* Deck.m */,
				9F256ABB16D6B26200600E27 /* PlayingCardDeck.h */,
				9F256ABC16D6B26200600E27 /* PlayingCardDeck.m */,
				9F256ABD16D6B26200600E27 /* SetCardGameDeck.h */,
				9F256ABE16D6B26200600E27 /* SetCardGameDeck.m */,
				9F1B372616D977F3006A55A1 /* GameResults.h */,
				9F1B372716D977F3006A55A1 /* GameResults.m */,
			);
			name = Model;
			sourceTree = "<group>";
		};
/* End PBXGroup section */

/* Begin PBXNativeTarget section */
		9F256A6016D6B10100600E27 /* carder4 */ = {
			isa = PBXNativeTarget;
			buildConfigurationList = 9F256A9916D6B10100600E27 /* Build configuration list for PBXNativeTarget "carder4" */;
			buildPhases = (
				9F256A5D16D6B10100600E27 /* Sources */,
				9F256A5E16D6B10100600E27 /* Frameworks */,
				9F256A5F16D6B10100600E27 /* Resources */,
			);
			buildRules = (
			);
			dependencies = (
			);
			name = carder4;
			productName = carder4;
			productReference = 9F256A6116D6B10100600E27 /* carder4.app */;
			productType = "com.apple.product-type.application";
		};
		9F256A8616D6B10100600E27 /* carder4Tests */ = {
			isa = PBXNativeTarget;
			buildConfigurationList = 9F256A9C16D6B10100600E27 /* Build configuration list for PBXNativeTarget "carder4Tests" */;
			buildPhases = (
				9F256A8216D6B10100600E27 /* Sources */,
				9F256A8316D6B10100600E27 /* Frameworks */,
				9F256A8416D6B10100600E27 /* Resources */,
				9F256A8516D6B10100600E27 /* ShellScript */,
			);
			buildRules = (
			);
			dependencies = (
				9F256A8D16D6B10100600E27 /* PBXTargetDependency */,
			);
			name = carder4Tests;
			productName = carder4Tests;
			productReference = 9F256A8716D6B10100600E27 /* carder4Tests.octest */;
			productType = "com.apple.product-type.bundle";
		};
/* End PBXNativeTarget section */

/* Begin PBXProject section */
		9F256A5916D6B10100600E27 /* Project object */ = {
			isa = PBXProject;
			attributes = {
				LastUpgradeCheck = 0460;
				ORGANIZATIONNAME = "Michael Schack";
			};
			buildConfigurationList = 9F256A5C16D6B10100600E27 /* Build configuration list for PBXProject "carder4" */;
			compatibilityVersion = "Xcode 3.2";
			developmentRegion = English;
			hasScannedForEncodings = 0;
			knownRegions = (
				en,
			);
			mainGroup = 9F256A5816D6B10100600E27;
			productRefGroup = 9F256A6216D6B10100600E27 /* Products */;
			projectDirPath = "";
			projectRoot = "";
			targets = (
				9F256A6016D6B10100600E27 /* carder4 */,
				9F256A8616D6B10100600E27 /* carder4Tests */,
			);
		};
/* End PBXProject section */

/* Begin PBXResourcesBuildPhase section */
		9F256A5F16D6B10100600E27 /* Resources */ = {
			isa = PBXResourcesBuildPhase;
			buildActionMask = 2147483647;
			files = (
				9F256A6F16D6B10100600E27 /* InfoPlist.strings in Resources */,
				9F256A7716D6B10100600E27 /* Default.png in Resources */,
				9F256A7916D6B10100600E27 /* Default@2x.png in Resources */,
				9F256A7B16D6B10100600E27 /* Default-568h@2x.png in Resources */,
				9F256AA816D6B22E00600E27 /* MainStoryboard.storyboard in Resources */,
				9F256AD216D6B27900600E27 /* setgameicon.png in Resources */,
				9F256AD416D6B27900600E27 /* cardgameicon.png in Resources */,
				9F256AD616D6B27900600E27 /* cardback.png in Resources */,
			);
			runOnlyForDeploymentPostprocessing = 0;
		};
		9F256A8416D6B10100600E27 /* Resources */ = {
			isa = PBXResourcesBuildPhase;
			buildActionMask = 2147483647;
			files = (
				9F256A9316D6B10100600E27 /* InfoPlist.strings in Resources */,
				9F256AA916D6B22E00600E27 /* MainStoryboard.storyboard in Resources */,
				9F256AD316D6B27900600E27 /* setgameicon.png in Resources */,
				9F256AD516D6B27900600E27 /* cardgameicon.png in Resources */,
				9F256AD716D6B27900600E27 /* cardback.png in Resources */,
			);
			runOnlyForDeploymentPostprocessing = 0;
		};
/* End PBXResourcesBuildPhase section */

/* Begin PBXShellScriptBuildPhase section */
		9F256A8516D6B10100600E27 /* ShellScript */ = {
			isa = PBXShellScriptBuildPhase;
			buildActionMask = 2147483647;
			files = (
			);
			inputPaths = (
			);
			outputPaths = (
			);
			runOnlyForDeploymentPostprocessing = 0;
			shellPath = /bin/sh;
			shellScript = "# Run the unit tests in this test bundle.\n\"${SYSTEM_DEVELOPER_DIR}/Tools/RunUnitTests\"\n";
		};
/* End PBXShellScriptBuildPhase section */

/* Begin PBXSourcesBuildPhase section */
		9F256A5D16D6B10100600E27 /* Sources */ = {
			isa = PBXSourcesBuildPhase;
			buildActionMask = 2147483647;
			files = (
				9F256A7116D6B10100600E27 /* main.m in Sources */,
				9F256A7516D6B10100600E27 /* AppDelegate.m in Sources */,
				9F256AA616D6B22E00600E27 /* carderAppDelegate.m in Sources */,
				9F256AAA16D6B22E00600E27 /* CardGameViewController.m in Sources */,
				9F256AAC16D6B22E00600E27 /* SetCardGameViewController.m in Sources */,
				9F256ABF16D6B26200600E27 /* CardMatchingGame.m in Sources */,
				9F256AC116D6B26200600E27 /* SetCardGame.m in Sources */,
				9F256AC316D6B26200600E27 /* Card.m in Sources */,
				9F256AC516D6B26200600E27 /* PlayingCard.m in Sources */,
				9F256AC716D6B26200600E27 /* SetPlayingCard.m in Sources */,
				9F256AC916D6B26200600E27 /* Deck.m in Sources */,
				9F256ACB16D6B26200600E27 /* PlayingCardDeck.m in Sources */,
				9F256ACD16D6B26200600E27 /* SetCardGameDeck.m in Sources */,
				9F1B372816D977F3006A55A1 /* GameResults.m in Sources */,
				B2A5B0C116E3D3FB00E0F571 /* GameResultsViewController.m in Sources */,
			);
			runOnlyForDeploymentPostprocessing = 0;
		};
		9F256A8216D6B10100600E27 /* Sources */ = {
			isa = PBXSourcesBuildPhase;
			buildActionMask = 2147483647;
			files = (
				9F256A9616D6B10100600E27 /* carder4Tests.m in Sources */,
				9F256AA716D6B22E00600E27 /* carderAppDelegate.m in Sources */,
				9F256AAB16D6B22E00600E27 /* CardGameViewController.m in Sources */,
				9F256AAD16D6B22E00600E27 /* SetCardGameViewController.m in Sources */,
				9F256AC016D6B26200600E27 /* CardMatchingGame.m in Sources */,
				9F256AC216D6B26200600E27 /* SetCardGame.m in Sources */,
				9F256AC416D6B26200600E27 /* Card.m in Sources */,
				9F256AC616D6B26200600E27 /* PlayingCard.m in Sources */,
				9F256AC816D6B26200600E27 /* SetPlayingCard.m in Sources */,
				9F256ACA16D6B26200600E27 /* Deck.m in Sources */,
				9F256ACC16D6B26200600E27 /* PlayingCardDeck.m in Sources */,
				9F256ACE16D6B26200600E27 /* SetCardGameDeck.m in Sources */,
			);
			runOnlyForDeploymentPostprocessing = 0;
		};
/* End PBXSourcesBuildPhase section */

/* Begin PBXTargetDependency section */
		9F256A8D16D6B10100600E27 /* PBXTargetDependency */ = {
			isa = PBXTargetDependency;
			target = 9F256A6016D6B10100600E27 /* carder4 */;
			targetProxy = 9F256A8C16D6B10100600E27 /* PBXContainerItemProxy */;
		};
/* End PBXTargetDependency section */

/* Begin PBXVariantGroup section */
		9F256A6D16D6B10100600E27 /* InfoPlist.strings */ = {
			isa = PBXVariantGroup;
			children = (
				9F256A6E16D6B10100600E27 /* en */,
			);
			name = InfoPlist.strings;
			sourceTree = "<group>";
		};
		9F256A9116D6B10100600E27 /* InfoPlist.strings */ = {
			isa = PBXVariantGroup;
			children = (
				9F256A9216D6B10100600E27 /* en */,
			);
			name = InfoPlist.strings;
			sourceTree = "<group>";
		};
/* End PBXVariantGroup section */

/* Begin XCBuildConfiguration section */
		9F256A9716D6B10100600E27 /* Debug */ = {
			isa = XCBuildConfiguration;
			buildSettings = {
				ALWAYS_SEARCH_USER_PATHS = NO;
				CLANG_CXX_LANGUAGE_STANDARD = "gnu++0x";
				CLANG_CXX_LIBRARY = "libc++";
				CLANG_ENABLE_OBJC_ARC = YES;
				CLANG_WARN_CONSTANT_CONVERSION = YES;
				CLANG_WARN_EMPTY_BODY = YES;
				CLANG_WARN_ENUM_CONVERSION = YES;
				CLANG_WARN_INT_CONVERSION = YES;
				CLANG_WARN__DUPLICATE_METHOD_MATCH = YES;
				"CODE_SIGN_IDENTITY[sdk=iphoneos*]" = "iPhone Developer";
				COPY_PHASE_STRIP = NO;
				GCC_C_LANGUAGE_STANDARD = gnu99;
				GCC_DYNAMIC_NO_PIC = NO;
				GCC_OPTIMIZATION_LEVEL = 0;
				GCC_PREPROCESSOR_DEFINITIONS = (
					"DEBUG=1",
					"$(inherited)",
				);
				GCC_SYMBOLS_PRIVATE_EXTERN = NO;
				GCC_WARN_ABOUT_RETURN_TYPE = YES;
				GCC_WARN_UNINITIALIZED_AUTOS = YES;
				GCC_WARN_UNUSED_VARIABLE = YES;
				IPHONEOS_DEPLOYMENT_TARGET = 6.1;
				ONLY_ACTIVE_ARCH = YES;
				SDKROOT = iphoneos;
			};
			name = Debug;
		};
		9F256A9816D6B10100600E27 /* Release */ = {
			isa = XCBuildConfiguration;
			buildSettings = {
				ALWAYS_SEARCH_USER_PATHS = NO;
				CLANG_CXX_LANGUAGE_STANDARD = "gnu++0x";
				CLANG_CXX_LIBRARY = "libc++";
				CLANG_ENABLE_OBJC_ARC = YES;
				CLANG_WARN_CONSTANT_CONVERSION = YES;
				CLANG_WARN_EMPTY_BODY = YES;
				CLANG_WARN_ENUM_CONVERSION = YES;
				CLANG_WARN_INT_CONVERSION = YES;
				CLANG_WARN__DUPLICATE_METHOD_MATCH = YES;
				"CODE_SIGN_IDENTITY[sdk=iphoneos*]" = "iPhone Developer";
				COPY_PHASE_STRIP = YES;
				GCC_C_LANGUAGE_STANDARD = gnu99;
				GCC_WARN_ABOUT_RETURN_TYPE = YES;
				GCC_WARN_UNINITIALIZED_AUTOS = YES;
				GCC_WARN_UNUSED_VARIABLE = YES;
				IPHONEOS_DEPLOYMENT_TARGET = 6.1;
				OTHER_CFLAGS = "-DNS_BLOCK_ASSERTIONS=1";
				SDKROOT = iphoneos;
				VALIDATE_PRODUCT = YES;
			};
			name = Release;
		};
		9F256A9A16D6B10100600E27 /* Debug */ = {
			isa = XCBuildConfiguration;
			buildSettings = {
				GCC_PRECOMPILE_PREFIX_HEADER = YES;
				GCC_PREFIX_HEADER = "carder4/carder4-Prefix.pch";
				INFOPLIST_FILE = "carder4/carder4-Info.plist";
				PRODUCT_NAME = "$(TARGET_NAME)";
				WRAPPER_EXTENSION = app;
			};
			name = Debug;
		};
		9F256A9B16D6B10100600E27 /* Release */ = {
			isa = XCBuildConfiguration;
			buildSettings = {
				GCC_PRECOMPILE_PREFIX_HEADER = YES;
				GCC_PREFIX_HEADER = "carder4/carder4-Prefix.pch";
				INFOPLIST_FILE = "carder4/carder4-Info.plist";
				PRODUCT_NAME = "$(TARGET_NAME)";
				WRAPPER_EXTENSION = app;
			};
			name = Release;
		};
		9F256A9D16D6B10100600E27 /* Debug */ = {
			isa = XCBuildConfiguration;
			buildSettings = {
				BUNDLE_LOADER = "$(BUILT_PRODUCTS_DIR)/carder4.app/carder4";
				FRAMEWORK_SEARCH_PATHS = (
					"\"$(SDKROOT)/Developer/Library/Frameworks\"",
					"\"$(DEVELOPER_LIBRARY_DIR)/Frameworks\"",
				);
				GCC_PRECOMPILE_PREFIX_HEADER = YES;
				GCC_PREFIX_HEADER = "carder4/carder4-Prefix.pch";
				INFOPLIST_FILE = "carder4Tests/carder4Tests-Info.plist";
				PRODUCT_NAME = "$(TARGET_NAME)";
				TEST_HOST = "$(BUNDLE_LOADER)";
				WRAPPER_EXTENSION = octest;
			};
			name = Debug;
		};
		9F256A9E16D6B10100600E27 /* Release */ = {
			isa = XCBuildConfiguration;
			buildSettings = {
				BUNDLE_LOADER = "$(BUILT_PRODUCTS_DIR)/carder4.app/carder4";
				FRAMEWORK_SEARCH_PATHS = (
					"\"$(SDKROOT)/Developer/Library/Frameworks\"",
					"\"$(DEVELOPER_LIBRARY_DIR)/Frameworks\"",
				);
				GCC_PRECOMPILE_PREFIX_HEADER = YES;
				GCC_PREFIX_HEADER = "carder4/carder4-Prefix.pch";
				INFOPLIST_FILE = "carder4Tests/carder4Tests-Info.plist";
				PRODUCT_NAME = "$(TARGET_NAME)";
				TEST_HOST = "$(BUNDLE_LOADER)";
				WRAPPER_EXTENSION = octest;
			};
			name = Release;
		};
/* End XCBuildConfiguration section */

/* Begin XCConfigurationList section */
		9F256A5C16D6B10100600E27 /* Build configuration list for PBXProject "carder4" */ = {
			isa = XCConfigurationList;
			buildConfigurations = (
				9F256A9716D6B10100600E27 /* Debug */,
				9F256A9816D6B10100600E27 /* Release */,
			);
			defaultConfigurationIsVisible = 0;
			defaultConfigurationName = Release;
		};
		9F256A9916D6B10100600E27 /* Build configuration list for PBXNativeTarget "carder4" */ = {
			isa = XCConfigurationList;
			buildConfigurations = (
				9F256A9A16D6B10100600E27 /* Debug */,
				9F256A9B16D6B10100600E27 /* Release */,
			);
			defaultConfigurationIsVisible = 0;
			defaultConfigurationName = Release;
		};
		9F256A9C16D6B10100600E27 /* Build configuration list for PBXNativeTarget "carder4Tests" */ = {
			isa = XCConfigurationList;
			buildConfigurations = (
				9F256A9D16D6B10100600E27 /* Debug */,
				9F256A9E16D6B10100600E27 /* Release */,
			);
			defaultConfigurationIsVisible = 0;
			defaultConfigurationName = Release;
		};
/* End XCConfigurationList section */
	};
	rootObject = 9F256A5916D6B10100600E27 /* Project object */;
}
